
Microsoft Visual Studio Solution File, Format Version 12.00
# Visual Studio 2013
VisualStudioVersion = 12.0.30501.0
MinimumVisualStudioVersion = 10.0.40219.1
Project("{CC5FD16D-436D-48AD-A40C-5A424C6E3E79}") = "WindowsAzure1", "WindowsAzure1\WindowsAzure1.ccproj", "{DE29A269-DB81-40F2-AEAD-A7A14DB145F9}"
EndProject
Project("{FAE04EC0-301F-11D3-BF4B-00C04F79EFBC}") = "WebRole1", "WebRole1\WebRole1.csproj", "{38494BA9-1DFF-47F9-9A8C-B667576EF0DA}"
EndProject
Project("{FAE04EC0-301F-11D3-BF4B-00C04F79EFBC}") = "WebRole1.Tests", "WebRole1.Tests\WebRole1.Tests.csproj", "{92C230D7-93CC-4E6B-8F17-F7C51D02C773}"
EndProject
Global
	GlobalSection(SolutionConfigurationPlatforms) = preSolution
		Debug|Any CPU = Debug|Any CPU
		Release|Any CPU = Release|Any CPU
	EndGlobalSection
	GlobalSection(ProjectConfigurationPlatforms) = postSolution
		{DE29A269-DB81-40F2-AEAD-A7A14DB145F9}.Debug|Any CPU.ActiveCfg = Debug|Any CPU
		{DE29A269-DB81-40F2-AEAD-A7A14DB145F9}.Debug|Any CPU.Build.0 = Debug|Any CPU
		{DE29A269-DB81-40F2-AEAD-A7A14DB145F9}.Release|Any CPU.ActiveCfg = Release|Any CPU
		{DE29A269-DB81-40F2-AEAD-A7A14DB145F9}.Release|Any CPU.Build.0 = Release|Any CPU
		{38494BA9-1DFF-47F9-9A8C-B667576EF0DA}.Debug|Any CPU.ActiveCfg = Debug|Any CPU
		{38494BA9-1DFF-47F9-9A8C-B667576EF0DA}.Debug|Any CPU.Build.0 = Debug|Any CPU
		{38494BA9-1DFF-47F9-9A8C-B667576EF0DA}.Release|Any CPU.ActiveCfg = Release|Any CPU
		{38494BA9-1DFF-47F9-9A8C-B667576EF0DA}.Release|Any CPU.Build.0 = Release|Any CPU
		{92C230D7-93CC-4E6B-8F17-F7C51D02C773}.Debug|Any CPU.ActiveCfg = Debug|Any CPU
		{92C230D7-93CC-4E6B-8F17-F7C51D02C773}.Debug|Any CPU.Build.0 = Debug|Any CPU
		{92C230D7-93CC-4E6B-8F17-F7C51D02C773}.Release|Any CPU.ActiveCfg = Release|Any CPU
		{92C230D7-93CC-4E6B-8F17-F7C51D02C773}.Release|Any CPU.Build.0 = Release|Any CPU
	EndGlobalSection
	GlobalSection(SolutionProperties) = preSolution
		HideSolutionNode = FALSE
	EndGlobalSection
EndGlobal
